
Microsoft Visual Studio Solution File, Format Version 9.00
# Visual Studio 2005
Project("{8BC9CEB8-8B4A-11D0-8D11-00A0C91BC942}") = "test_gen_files", "test_gen_files.vcproj", "{B5EBBAF4-AB90-494B-AC24-F9E38D0A9265}"
EndProject
Global
	GlobalSection(SolutionConfigurationPlatforms) = preSolution
		Debug|Win32 = Debug|Win32
		Release|Win32 = Release|Win32
	EndGlobalSection
	GlobalSection(ProjectConfigurationPlatforms) = postSolution
		{B5EBBAF4-AB90-494B-AC24-F9E38D0A9265}.Debug|Win32.ActiveCfg = Debug|Win32
		{B5EBBAF4-AB90-494B-AC24-F9E38D0A9265}.Debug|Win32.Build.0 = Debug|Win32
		{B5EBBAF4-AB90-494B-AC24-F9E38D0A9265}.Release|Win32.ActiveCfg = Release|Win32
		{B5EBBAF4-AB90-494B-AC24-F9E38D0A9265}.Release|Win32.Build.0 = Release|Win32
	EndGlobalSection
	GlobalSection(SolutionProperties) = preSolution
		HideSolutionNode = FALSE
	EndGlobalSection
EndGlobal
